
Microsoft Visual Studio Solution File, Format Version 12.00
# Visual Studio Version 16
VisualStudioVersion = 16.0.28803.452
MinimumVisualStudioVersion = 10.0.40219.1
Project("{FAE04EC0-301F-11D3-BF4B-00C04F79EFBC}") = "Book Project", "Book Project\Book Project.csproj", "{1B86DD14-0478-4FB0-88C6-86D5AC236284}"
EndProject
Project("{FAE04EC0-301F-11D3-BF4B-00C04F79EFBC}") = "Book Project.Tests", "Book Project.Tests\Book Project.Tests.csproj", "{C4DDCF0A-08E0-4BFE-B71A-464DB31DDA62}"
EndProject
Global
	GlobalSection(SolutionConfigurationPlatforms) = preSolution
		Debug|Any CPU = Debug|Any CPU
		Release|Any CPU = Release|Any CPU
	EndGlobalSection
	GlobalSection(ProjectConfigurationPlatforms) = postSolution
		{1B86DD14-0478-4FB0-88C6-86D5AC236284}.Debug|Any CPU.ActiveCfg = Debug|Any CPU
		{1B86DD14-0478-4FB0-88C6-86D5AC236284}.Debug|Any CPU.Build.0 = Debug|Any CPU
		{1B86DD14-0478-4FB0-88C6-86D5AC236284}.Release|Any CPU.ActiveCfg = Release|Any CPU
		{1B86DD14-0478-4FB0-88C6-86D5AC236284}.Release|Any CPU.Build.0 = Release|Any CPU
		{C4DDCF0A-08E0-4BFE-B71A-464DB31DDA62}.Debug|Any CPU.ActiveCfg = Debug|Any CPU
		{C4DDCF0A-08E0-4BFE-B71A-464DB31DDA62}.Debug|Any CPU.Build.0 = Debug|Any CPU
		{C4DDCF0A-08E0-4BFE-B71A-464DB31DDA62}.Release|Any CPU.ActiveCfg = Release|Any CPU
		{C4DDCF0A-08E0-4BFE-B71A-464DB31DDA62}.Release|Any CPU.Build.0 = Release|Any CPU
	EndGlobalSection
	GlobalSection(SolutionProperties) = preSolution
		HideSolutionNode = FALSE
	EndGlobalSection
	GlobalSection(ExtensibilityGlobals) = postSolution
		SolutionGuid = {F6018F20-B6C3-461B-9383-9F572E956A0B}
	EndGlobalSection
EndGlobal
